
Microsoft Visual Studio Solution File, Format Version 12.00
# Visual Studio Version 17
VisualStudioVersion = 17.14.36518.9
MinimumVisualStudioVersion = 10.0.40219.1
Project("{FAE04EC0-301F-11D3-BF4B-00C04F79EFBC}") = "KooliProjekt.Application", "KooliProjekt.Application\KooliProjekt.Application.csproj", "{AE74289E-DE79-F788-C2DC-BADD9C633513}"
EndProject
Project("{FAE04EC0-301F-11D3-BF4B-00C04F79EFBC}") = "KooliProjekt.WebAPI", "KooliProjekt.WebAPI\KooliProjekt.WebAPI.csproj", "{5A2101DC-D650-6EBB-6EBB-3FE62A3E9647}"
EndProject
Project("{FAE04EC0-301F-11D3-BF4B-00C04F79EFBC}") = "KooliProjekt.Application.UnitTests", "KooliProjekt.Application.UnitTests\KooliProjekt.Application.UnitTests.csproj", "{7E7B2B2F-E39B-4FAF-B448-7C49FE2500ED}"
EndProject
Project("{FAE04EC0-301F-11D3-BF4B-00C04F79EFBC}") = "KooliProjekt.IntegrationTests", "KooliProjekt.IntegrationTests\KooliProjekt.IntegrationTests.csproj", "{E83076E7-820D-4909-BD08-1BD33BEAB8B3}"
EndProject
Project("{2150E333-8FDC-42A3-9474-1A3956D46DE8}") = "Tutorials", "Tutorials", "{B2B24531-CF78-2AE9-3352-6D2AC8FC8718}"
EndProject
Project("{FAE04EC0-301F-11D3-BF4B-00C04F79EFBC}") = "PictureViewer", "Tutorials\PictureViewer\PictureViewer.csproj", "{11DD4AEB-6231-40CB-9F7E-29921EFFA94C}"
EndProject
Project("{FAE04EC0-301F-11D3-BF4B-00C04F79EFBC}") = "MathQuiz", "Tutorials\MathQuiz\MathQuiz.csproj", "{34DACBD0-786B-4732-B882-5001A020AEC4}"
EndProject
Project("{FAE04EC0-301F-11D3-BF4B-00C04F79EFBC}") = "MatchingGame", "Tutorials\MatchingGame\MatchingGame.csproj", "{430C1E4D-0AD3-4D1E-AF77-25EBB22B8927}"
EndProject
Project("{FAE04EC0-301F-11D3-BF4B-00C04F79EFBC}") = "KooliProjekt.WindowsForms", "KooliProjekt.WindowsForms\KooliProjekt.WindowsForms.csproj", "{CA8E9F5B-C4C3-4BB6-BEF0-FEC4650F68F7}"
EndProject
Project("{FAE04EC0-301F-11D3-BF4B-00C04F79EFBC}") = "KooliProjekt.WindowsForms.UnitTests", "KooliProjekt.WindowsForms.UnitTests\KooliProjekt.WindowsForms.UnitTests.csproj", "{47E08408-5FAA-4C79-9B05-53D6D751BA48}"
EndProject
Project("{FAE04EC0-301F-11D3-BF4B-00C04F79EFBC}") = "KooliProjekt.WpfApplication", "KooliProjekt.WpfApplication\KooliProjekt.WpfApplication.csproj", "{39BC43D1-FE04-43AB-9B60-3FA9E5C1CC64}"
EndProject
Project("{FAE04EC0-301F-11D3-BF4B-00C04F79EFBC}") = "KooliProjekt.WpfApplication.UnitTests", "KooliProjekt.WpfApplication.UnitTests\KooliProjekt.WpfApplication.UnitTests.csproj", "{D124032B-52F4-4AEC-93B0-9D1EEE3726E3}"
EndProject
Project("{FAE04EC0-301F-11D3-BF4B-00C04F79EFBC}") = "KooliProjekt.BlazorWasm", "KooliProjekt.BlazorWasm\KooliProjekt.BlazorWasm.csproj", "{25689491-26A9-4DB2-9B6C-DA69AAAA7352}"
EndProject
Global
	GlobalSection(SolutionConfigurationPlatforms) = preSolution
		Debug|Any CPU = Debug|Any CPU
		Debug|x64 = Debug|x64
		Debug|x86 = Debug|x86
		Release|Any CPU = Release|Any CPU
		Release|x64 = Release|x64
		Release|x86 = Release|x86
	EndGlobalSection
	GlobalSection(ProjectConfigurationPlatforms) = postSolution
		{AE74289E-DE79-F788-C2DC-BADD9C633513}.Debug|Any CPU.ActiveCfg = Debug|Any CPU
		{AE74289E-DE79-F788-C2DC-BADD9C633513}.Debug|Any CPU.Build.0 = Debug|Any CPU
		{AE74289E-DE79-F788-C2DC-BADD9C633513}.Debug|x64.ActiveCfg = Debug|Any CPU
		{AE74289E-DE79-F788-C2DC-BADD9C633513}.Debug|x64.Build.0 = Debug|Any CPU
		{AE74289E-DE79-F788-C2DC-BADD9C633513}.Debug|x86.ActiveCfg = Debug|Any CPU
		{AE74289E-DE79-F788-C2DC-BADD9C633513}.Debug|x86.Build.0 = Debug|Any CPU
		{AE74289E-DE79-F788-C2DC-BADD9C633513}.Release|Any CPU.ActiveCfg = Release|Any CPU
		{AE74289E-DE79-F788-C2DC-BADD9C633513}.Release|Any CPU.Build.0 = Release|Any CPU
		{AE74289E-DE79-F788-C2DC-BADD9C633513}.Release|x64.ActiveCfg = Release|Any CPU
		{AE74289E-DE79-F788-C2DC-BADD9C633513}.Release|x64.Build.0 = Release|Any CPU
		{AE74289E-DE79-F788-C2DC-BADD9C633513}.Release|x86.ActiveCfg = Release|Any CPU
		{AE74289E-DE79-F788-C2DC-BADD9C633513}.Release|x86.Build.0 = Release|Any CPU
		{5A2101DC-D650-6EBB-6EBB-3FE62A3E9647}.Debug|Any CPU.ActiveCfg = Debug|Any CPU
		{5A2101DC-D650-6EBB-6EBB-3FE62A3E9647}.Debug|Any CPU.Build.0 = Debug|Any CPU
		{5A2101DC-D650-6EBB-6EBB-3FE62A3E9647}.Debug|x64.ActiveCfg = Debug|Any CPU
		{5A2101DC-D650-6EBB-6EBB-3FE62A3E9647}.Debug|x64.Build.0 = Debug|Any CPU
		{5A2101DC-D650-6EBB-6EBB-3FE62A3E9647}.Debug|x86.ActiveCfg = Debug|Any CPU
		{5A2101DC-D650-6EBB-6EBB-3FE62A3E9647}.Debug|x86.Build.0 = Debug|Any CPU
		{5A2101DC-D650-6EBB-6EBB-3FE62A3E9647}.Release|Any CPU.ActiveCfg = Release|Any CPU
		{5A2101DC-D650-6EBB-6EBB-3FE62A3E9647}.Release|Any CPU.Build.0 = Release|Any CPU
		{5A2101DC-D650-6EBB-6EBB-3FE62A3E9647}.Release|x64.ActiveCfg = Release|Any CPU
		{5A2101DC-D650-6EBB-6EBB-3FE62A3E9647}.Release|x64.Build.0 = Release|Any CPU
		{5A2101DC-D650-6EBB-6EBB-3FE62A3E9647}.Release|x86.ActiveCfg = Release|Any CPU
		{5A2101DC-D650-6EBB-6EBB-3FE62A3E9647}.Release|x86.Build.0 = Release|Any CPU
		{7E7B2B2F-E39B-4FAF-B448-7C49FE2500ED}.Debug|Any CPU.ActiveCfg = Debug|Any CPU
		{7E7B2B2F-E39B-4FAF-B448-7C49FE2500ED}.Debug|Any CPU.Build.0 = Debug|Any CPU
		{7E7B2B2F-E39B-4FAF-B448-7C49FE2500ED}.Debug|x64.ActiveCfg = Debug|Any CPU
		{7E7B2B2F-E39B-4FAF-B448-7C49FE2500ED}.Debug|x64.Build.0 = Debug|Any CPU
		{7E7B2B2F-E39B-4FAF-B448-7C49FE2500ED}.Debug|x86.ActiveCfg = Debug|Any CPU
		{7E7B2B2F-E39B-4FAF-B448-7C49FE2500ED}.Debug|x86.Build.0 = Debug|Any CPU
		{7E7B2B2F-E39B-4FAF-B448-7C49FE2500ED}.Release|Any CPU.ActiveCfg = Release|Any CPU
		{7E7B2B2F-E39B-4FAF-B448-7C49FE2500ED}.Release|Any CPU.Build.0 = Release|Any CPU
		{7E7B2B2F-E39B-4FAF-B448-7C49FE2500ED}.Release|x64.ActiveCfg = Release|Any CPU
		{7E7B2B2F-E39B-4FAF-B448-7C49FE2500ED}.Release|x64.Build.0 = Release|Any CPU
		{7E7B2B2F-E39B-4FAF-B448-7C49FE2500ED}.Release|x86.ActiveCfg = Release|Any CPU
		{7E7B2B2F-E39B-4FAF-B448-7C49FE2500ED}.Release|x86.Build.0 = Release|Any CPU
		{E83076E7-820D-4909-BD08-1BD33BEAB8B3}.Debug|Any CPU.ActiveCfg = Debug|Any CPU
		{E83076E7-820D-4909-BD08-1BD33BEAB8B3}.Debug|Any CPU.Build.0 = Debug|Any CPU
		{E83076E7-820D-4909-BD08-1BD33BEAB8B3}.Debug|x64.ActiveCfg = Debug|Any CPU
		{E83076E7-820D-4909-BD08-1BD33BEAB8B3}.Debug|x64.Build.0 = Debug|Any CPU
		{E83076E7-820D-4909-BD08-1BD33BEAB8B3}.Debug|x86.ActiveCfg = Debug|Any CPU
		{E83076E7-820D-4909-BD08-1BD33BEAB8B3}.Debug|x86.Build.0 = Debug|Any CPU
		{E83076E7-820D-4909-BD08-1BD33BEAB8B3}.Release|Any CPU.ActiveCfg = Release|Any CPU
		{E83076E7-820D-4909-BD08-1BD33BEAB8B3}.Release|Any CPU.Build.0 = Release|Any CPU
		{E83076E7-820D-4909-BD08-1BD33BEAB8B3}.Release|x64.ActiveCfg = Release|Any CPU
		{E83076E7-820D-4909-BD08-1BD33BEAB8B3}.Release|x64.Build.0 = Release|Any CPU
		{E83076E7-820D-4909-BD08-1BD33BEAB8B3}.Release|x86.ActiveCfg = Release|Any CPU
		{E83076E7-820D-4909-BD08-1BD33BEAB8B3}.Release|x86.Build.0 = Release|Any CPU
		{11DD4AEB-6231-40CB-9F7E-29921EFFA94C}.Debug|Any CPU.ActiveCfg = Debug|Any CPU
		{11DD4AEB-6231-40CB-9F7E-29921EFFA94C}.Debug|Any CPU.Build.0 = Debug|Any CPU
		{11DD4AEB-6231-40CB-9F7E-29921EFFA94C}.Debug|x64.ActiveCfg = Debug|Any CPU
		{11DD4AEB-6231-40CB-9F7E-29921EFFA94C}.Debug|x64.Build.0 = Debug|Any CPU
		{11DD4AEB-6231-40CB-9F7E-29921EFFA94C}.Debug|x86.ActiveCfg = Debug|Any CPU
		{11DD4AEB-6231-40CB-9F7E-29921EFFA94C}.Debug|x86.Build.0 = Debug|Any CPU
		{11DD4AEB-6231-40CB-9F7E-29921EFFA94C}.Release|Any CPU.ActiveCfg = Release|Any CPU
		{11DD4AEB-6231-40CB-9F7E-29921EFFA94C}.Release|Any CPU.Build.0 = Release|Any CPU
		{11DD4AEB-6231-40CB-9F7E-29921EFFA94C}.Release|x64.ActiveCfg = Release|Any CPU
		{11DD4AEB-6231-40CB-9F7E-29921EFFA94C}.Release|x64.Build.0 = Release|Any CPU
		{11DD4AEB-6231-40CB-9F7E-29921EFFA94C}.Release|x86.ActiveCfg = Release|Any CPU
		{11DD4AEB-6231-40CB-9F7E-29921EFFA94C}.Release|x86.Build.0 = Release|Any CPU
		{34DACBD0-786B-4732-B882-5001A020AEC4}.Debug|Any CPU.ActiveCfg = Debug|Any CPU
		{34DACBD0-786B-4732-B882-5001A020AEC4}.Debug|Any CPU.Build.0 = Debug|Any CPU
		{34DACBD0-786B-4732-B882-5001A020AEC4}.Debug|x64.ActiveCfg = Debug|Any CPU
		{34DACBD0-786B-4732-B882-5001A020AEC4}.Debug|x64.Build.0 = Debug|Any CPU
		{34DACBD0-786B-4732-B882-5001A020AEC4}.Debug|x86.ActiveCfg = Debug|Any CPU
		{34DACBD0-786B-4732-B882-5001A020AEC4}.Debug|x86.Build.0 = Debug|Any CPU
		{34DACBD0-786B-4732-B882-5001A020AEC4}.Release|Any CPU.ActiveCfg = Release|Any CPU
		{34DACBD0-786B-4732-B882-5001A020AEC4}.Release|Any CPU.Build.0 = Release|Any CPU
		{34DACBD0-786B-4732-B882-5001A020AEC4}.Release|x64.ActiveCfg = Release|Any CPU
		{34DACBD0-786B-4732-B882-5001A020AEC4}.Release|x64.Build.0 = Release|Any CPU
		{34DACBD0-786B-4732-B882-5001A020AEC4}.Release|x86.ActiveCfg = Release|Any CPU
		{34DACBD0-786B-4732-B882-5001A020AEC4}.Release|x86.Build.0 = Release|Any CPU
		{430C1E4D-0AD3-4D1E-AF77-25EBB22B8927}.Debug|Any CPU.ActiveCfg = Debug|Any CPU
		{430C1E4D-0AD3-4D1E-AF77-25EBB22B8927}.Debug|Any CPU.Build.0 = Debug|Any CPU
		{430C1E4D-0AD3-4D1E-AF77-25EBB22B8927}.Debug|x64.ActiveCfg = Debug|Any CPU
		{430C1E4D-0AD3-4D1E-AF77-25EBB22B8927}.Debug|x64.Build.0 = Debug|Any CPU
		{430C1E4D-0AD3-4D1E-AF77-25EBB22B8927}.Debug|x86.ActiveCfg = Debug|Any CPU
		{430C1E4D-0AD3-4D1E-AF77-25EBB22B8927}.Debug|x86.Build.0 = Debug|Any CPU
		{430C1E4D-0AD3-4D1E-AF77-25EBB22B8927}.Release|Any CPU.ActiveCfg = Release|Any CPU
		{430C1E4D-0AD3-4D1E-AF77-25EBB22B8927}.Release|Any CPU.Build.0 = Release|Any CPU
		{430C1E4D-0AD3-4D1E-AF77-25EBB22B8927}.Release|x64.ActiveCfg = Release|Any CPU
		{430C1E4D-0AD3-4D1E-AF77-25EBB22B8927}.Release|x64.Build.0 = Release|Any CPU
		{430C1E4D-0AD3-4D1E-AF77-25EBB22B8927}.Release|x86.ActiveCfg = Release|Any CPU
		{430C1E4D-0AD3-4D1E-AF77-25EBB22B8927}.Release|x86.Build.0 = Release|Any CPU
		{CA8E9F5B-C4C3-4BB6-BEF0-FEC4650F68F7}.Debug|Any CPU.ActiveCfg = Debug|Any CPU
		{CA8E9F5B-C4C3-4BB6-BEF0-FEC4650F68F7}.Debug|Any CPU.Build.0 = Debug|Any CPU
		{CA8E9F5B-C4C3-4BB6-BEF0-FEC4650F68F7}.Debug|x64.ActiveCfg = Debug|Any CPU
		{CA8E9F5B-C4C3-4BB6-BEF0-FEC4650F68F7}.Debug|x64.Build.0 = Debug|Any CPU
		{CA8E9F5B-C4C3-4BB6-BEF0-FEC4650F68F7}.Debug|x86.ActiveCfg = Debug|Any CPU
		{CA8E9F5B-C4C3-4BB6-BEF0-FEC4650F68F7}.Debug|x86.Build.0 = Debug|Any CPU
		{CA8E9F5B-C4C3-4BB6-BEF0-FEC4650F68F7}.Release|Any CPU.ActiveCfg = Release|Any CPU
		{CA8E9F5B-C4C3-4BB6-BEF0-FEC4650F68F7}.Release|Any CPU.Build.0 = Release|Any CPU
		{CA8E9F5B-C4C3-4BB6-BEF0-FEC4650F68F7}.Release|x64.ActiveCfg = Release|Any CPU
		{CA8E9F5B-C4C3-4BB6-BEF0-FEC4650F68F7}.Release|x64.Build.0 = Release|Any CPU
		{CA8E9F5B-C4C3-4BB6-BEF0-FEC4650F68F7}.Release|x86.ActiveCfg = Release|Any CPU
		{CA8E9F5B-C4C3-4BB6-BEF0-FEC4650F68F7}.Release|x86.Build.0 = Release|Any CPU
		{47E08408-5FAA-4C79-9B05-53D6D751BA48}.Debug|Any CPU.ActiveCfg = Debug|Any CPU
		{47E08408-5FAA-4C79-9B05-53D6D751BA48}.Debug|Any CPU.Build.0 = Debug|Any CPU
		{47E08408-5FAA-4C79-9B05-53D6D751BA48}.Debug|x64.ActiveCfg = Debug|Any CPU
		{47E08408-5FAA-4C79-9B05-53D6D751BA48}.Debug|x64.Build.0 = Debug|Any CPU
		{47E08408-5FAA-4C79-9B05-53D6D751BA48}.Debug|x86.ActiveCfg = Debug|Any CPU
		{47E08408-5FAA-4C79-9B05-53D6D751BA48}.Debug|x86.Build.0 = Debug|Any CPU
		{47E08408-5FAA-4C79-9B05-53D6D751BA48}.Release|Any CPU.ActiveCfg = Release|Any CPU
		{47E08408-5FAA-4C79-9B05-53D6D751BA48}.Release|Any CPU.Build.0 = Release|Any CPU
		{47E08408-5FAA-4C79-9B05-53D6D751BA48}.Release|x64.ActiveCfg = Release|Any CPU
		{47E08408-5FAA-4C79-9B05-53D6D751BA48}.Release|x64.Build.0 = Release|Any CPU
		{47E08408-5FAA-4C79-9B05-53D6D751BA48}.Release|x86.ActiveCfg = Release|Any CPU
		{47E08408-5FAA-4C79-9B05-53D6D751BA48}.Release|x86.Build.0 = Release|Any CPU
		{39BC43D1-FE04-43AB-9B60-3FA9E5C1CC64}.Debug|Any CPU.ActiveCfg = Debug|Any CPU
		{39BC43D1-FE04-43AB-9B60-3FA9E5C1CC64}.Debug|Any CPU.Build.0 = Debug|Any CPU
		{39BC43D1-FE04-43AB-9B60-3FA9E5C1CC64}.Debug|x64.ActiveCfg = Debug|Any CPU
		{39BC43D1-FE04-43AB-9B60-3FA9E5C1CC64}.Debug|x64.Build.0 = Debug|Any CPU
		{39BC43D1-FE04-43AB-9B60-3FA9E5C1CC64}.Debug|x86.ActiveCfg = Debug|Any CPU
		{39BC43D1-FE04-43AB-9B60-3FA9E5C1CC64}.Debug|x86.Build.0 = Debug|Any CPU
		{39BC43D1-FE04-43AB-9B60-3FA9E5C1CC64}.Release|Any CPU.ActiveCfg = Release|Any CPU
		{39BC43D1-FE04-43AB-9B60-3FA9E5C1CC64}.Release|Any CPU.Build.0 = Release|Any CPU
		{39BC43D1-FE04-43AB-9B60-3FA9E5C1CC64}.Release|x64.ActiveCfg = Release|Any CPU
		{39BC43D1-FE04-43AB-9B60-3FA9E5C1CC64}.Release|x64.Build.0 = Release|Any CPU
		{39BC43D1-FE04-43AB-9B60-3FA9E5C1CC64}.Release|x86.ActiveCfg = Release|Any CPU
		{39BC43D1-FE04-43AB-9B60-3FA9E5C1CC64}.Release|x86.Build.0 = Release|Any CPU
		{D124032B-52F4-4AEC-93B0-9D1EEE3726E3}.Debug|Any CPU.ActiveCfg = Debug|Any CPU
		{D124032B-52F4-4AEC-93B0-9D1EEE3726E3}.Debug|Any CPU.Build.0 = Debug|Any CPU
		{D124032B-52F4-4AEC-93B0-9D1EEE3726E3}.Debug|x64.ActiveCfg = Debug|Any CPU
		{D124032B-52F4-4AEC-93B0-9D1EEE3726E3}.Debug|x64.Build.0 = Debug|Any CPU
		{D124032B-52F4-4AEC-93B0-9D1EEE3726E3}.Debug|x86.ActiveCfg = Debug|Any CPU
		{D124032B-52F4-4AEC-93B0-9D1EEE3726E3}.Debug|x86.Build.0 = Debug|Any CPU
		{D124032B-52F4-4AEC-93B0-9D1EEE3726E3}.Release|Any CPU.ActiveCfg = Release|Any CPU
		{D124032B-52F4-4AEC-93B0-9D1EEE3726E3}.Release|Any CPU.Build.0 = Release|Any CPU
		{D124032B-52F4-4AEC-93B0-9D1EEE3726E3}.Release|x64.ActiveCfg = Release|Any CPU
		{D124032B-52F4-4AEC-93B0-9D1EEE3726E3}.Release|x64.Build.0 = Release|Any CPU
		{D124032B-52F4-4AEC-93B0-9D1EEE3726E3}.Release|x86.ActiveCfg = Release|Any CPU
		{D124032B-52F4-4AEC-93B0-9D1EEE3726E3}.Release|x86.Build.0 = Release|Any CPU
		{25689491-26A9-4DB2-9B6C-DA69AAAA7352}.Debug|Any CPU.ActiveCfg = Debug|Any CPU
		{25689491-26A9-4DB2-9B6C-DA69AAAA7352}.Debug|Any CPU.Build.0 = Debug|Any CPU
		{25689491-26A9-4DB2-9B6C-DA69AAAA7352}.Debug|x64.ActiveCfg = Debug|Any CPU
		{25689491-26A9-4DB2-9B6C-DA69AAAA7352}.Debug|x64.Build.0 = Debug|Any CPU
		{25689491-26A9-4DB2-9B6C-DA69AAAA7352}.Debug|x86.ActiveCfg = Debug|Any CPU
		{25689491-26A9-4DB2-9B6C-DA69AAAA7352}.Debug|x86.Build.0 = Debug|Any CPU
		{25689491-26A9-4DB2-9B6C-DA69AAAA7352}.Release|Any CPU.ActiveCfg = Release|Any CPU
		{25689491-26A9-4DB2-9B6C-DA69AAAA7352}.Release|Any CPU.Build.0 = Release|Any CPU
		{25689491-26A9-4DB2-9B6C-DA69AAAA7352}.Release|x64.ActiveCfg = Release|Any CPU
		{25689491-26A9-4DB2-9B6C-DA69AAAA7352}.Release|x64.Build.0 = Release|Any CPU
		{25689491-26A9-4DB2-9B6C-DA69AAAA7352}.Release|x86.ActiveCfg = Release|Any CPU
		{25689491-26A9-4DB2-9B6C-DA69AAAA7352}.Release|x86.Build.0 = Release|Any CPU
	EndGlobalSection
	GlobalSection(SolutionProperties) = preSolution
		HideSolutionNode = FALSE
	EndGlobalSection
	GlobalSection(NestedProjects) = preSolution
		{11DD4AEB-6231-40CB-9F7E-29921EFFA94C} = {B2B24531-CF78-2AE9-3352-6D2AC8FC8718}
		{34DACBD0-786B-4732-B882-5001A020AEC4} = {B2B24531-CF78-2AE9-3352-6D2AC8FC8718}
		{430C1E4D-0AD3-4D1E-AF77-25EBB22B8927} = {B2B24531-CF78-2AE9-3352-6D2AC8FC8718}
	EndGlobalSection
	GlobalSection(ExtensibilityGlobals) = postSolution
		SolutionGuid = {B7234530-7E65-4909-AF3B-3DA3B601BB22}
	EndGlobalSection
EndGlobal
